
Microsoft Visual Studio Solution File, Format Version 12.00
# Visual Studio Version 17
VisualStudioVersion = 17.9.34728.123
MinimumVisualStudioVersion = 10.0.40219.1
Project("{9A19103F-16F7-4668-BE54-9A1E7A4F7556}") = "PortalGalaxy.Entities", "PortalGalaxy.Entities\PortalGalaxy.Entities.csproj", "{9059F7C7-335D-4BDC-859C-9CC9961AAA0D}"
EndProject
Project("{2150E333-8FDC-42A3-9474-1A3956D46DE8}") = "01. Backend", "01. Backend", "{904C212A-EE3C-4134-A737-77A6512743B5}"
EndProject
Project("{2150E333-8FDC-42A3-9474-1A3956D46DE8}") = "01. Entidades", "01. Entidades", "{860561FB-6E11-41D3-B158-8B282F1A994E}"
EndProject
Project("{2150E333-8FDC-42A3-9474-1A3956D46DE8}") = "02. Acceso a Datos", "02. Acceso a Datos", "{A3D5608C-0ABF-4E83-9DD4-29F36C669BB0}"
EndProject
Project("{2150E333-8FDC-42A3-9474-1A3956D46DE8}") = "03. Logica de Negocio", "03. Logica de Negocio", "{E8808EC3-F463-423D-AA37-072566382E3F}"
EndProject
Project("{2150E333-8FDC-42A3-9474-1A3956D46DE8}") = "04. API REST", "04. API REST", "{9440C166-3D61-45CA-8D6A-F8686373FDF9}"
EndProject
Project("{2150E333-8FDC-42A3-9474-1A3956D46DE8}") = "05. Pruebas Unitarias", "05. Pruebas Unitarias", "{DE5FC6C3-05F4-45FF-A8BB-CB3409EB2BED}"
EndProject
Project("{2150E333-8FDC-42A3-9474-1A3956D46DE8}") = "02. Compartidos", "02. Compartidos", "{0DF56ABE-BE4C-4510-A2DE-65DE6F64AC72}"
EndProject
Project("{9A19103F-16F7-4668-BE54-9A1E7A4F7556}") = "PortalGalaxy.DataAccess", "PortalGalaxy.DataAccess\PortalGalaxy.DataAccess.csproj", "{41D6321E-1891-4F07-94A5-88D3771B3065}"
EndProject
Project("{9A19103F-16F7-4668-BE54-9A1E7A4F7556}") = "PortalGalaxy.Repositories", "PortalGalaxy.Repositories\PortalGalaxy.Repositories.csproj", "{E6C0FE7D-04BD-48AC-BE9A-740B8B795615}"
EndProject
Project("{9A19103F-16F7-4668-BE54-9A1E7A4F7556}") = "PortalGalaxy.Services", "PortalGalaxy.Services\PortalGalaxy.Services.csproj", "{6CD3B062-6ECC-4FFE-86EB-8EA0E39BA512}"
EndProject
Project("{9A19103F-16F7-4668-BE54-9A1E7A4F7556}") = "PortalGalaxy.WebServer", "PortalGalaxy.WebServer\PortalGalaxy.WebServer.csproj", "{3011A5E4-8ABD-4D40-A683-A8D25D974542}"
EndProject
Project("{9A19103F-16F7-4668-BE54-9A1E7A4F7556}") = "PortalGalaxy.UnitTests", "PortalGalaxy.UnitTests\PortalGalaxy.UnitTests.csproj", "{46673DDD-592B-442C-852C-CEED64363D98}"
EndProject
Project("{9A19103F-16F7-4668-BE54-9A1E7A4F7556}") = "PortalGalaxy.Shared", "PortalGalaxy.Shared\PortalGalaxy.Shared.csproj", "{5EE2D7A9-4765-4552-888F-2BD1B4CAA339}"
EndProject
Global
	GlobalSection(SolutionConfigurationPlatforms) = preSolution
		Debug|Any CPU = Debug|Any CPU
		Release|Any CPU = Release|Any CPU
	EndGlobalSection
	GlobalSection(ProjectConfigurationPlatforms) = postSolution
		{9059F7C7-335D-4BDC-859C-9CC9961AAA0D}.Debug|Any CPU.ActiveCfg = Debug|Any CPU
		{9059F7C7-335D-4BDC-859C-9CC9961AAA0D}.Debug|Any CPU.Build.0 = Debug|Any CPU
		{9059F7C7-335D-4BDC-859C-9CC9961AAA0D}.Release|Any CPU.ActiveCfg = Release|Any CPU
		{9059F7C7-335D-4BDC-859C-9CC9961AAA0D}.Release|Any CPU.Build.0 = Release|Any CPU
		{41D6321E-1891-4F07-94A5-88D3771B3065}.Debug|Any CPU.ActiveCfg = Debug|Any CPU
		{41D6321E-1891-4F07-94A5-88D3771B3065}.Debug|Any CPU.Build.0 = Debug|Any CPU
		{41D6321E-1891-4F07-94A5-88D3771B3065}.Release|Any CPU.ActiveCfg = Release|Any CPU
		{41D6321E-1891-4F07-94A5-88D3771B3065}.Release|Any CPU.Build.0 = Release|Any CPU
		{E6C0FE7D-04BD-48AC-BE9A-740B8B795615}.Debug|Any CPU.ActiveCfg = Debug|Any CPU
		{E6C0FE7D-04BD-48AC-BE9A-740B8B795615}.Debug|Any CPU.Build.0 = Debug|Any CPU
		{E6C0FE7D-04BD-48AC-BE9A-740B8B795615}.Release|Any CPU.ActiveCfg = Release|Any CPU
		{E6C0FE7D-04BD-48AC-BE9A-740B8B795615}.Release|Any CPU.Build.0 = Release|Any CPU
		{6CD3B062-6ECC-4FFE-86EB-8EA0E39BA512}.Debug|Any CPU.ActiveCfg = Debug|Any CPU
		{6CD3B062-6ECC-4FFE-86EB-8EA0E39BA512}.Debug|Any CPU.Build.0 = Debug|Any CPU
		{6CD3B062-6ECC-4FFE-86EB-8EA0E39BA512}.Release|Any CPU.ActiveCfg = Release|Any CPU
		{6CD3B062-6ECC-4FFE-86EB-8EA0E39BA512}.Release|Any CPU.Build.0 = Release|Any CPU
		{3011A5E4-8ABD-4D40-A683-A8D25D974542}.Debug|Any CPU.ActiveCfg = Debug|Any CPU
		{3011A5E4-8ABD-4D40-A683-A8D25D974542}.Debug|Any CPU.Build.0 = Debug|Any CPU
		{3011A5E4-8ABD-4D40-A683-A8D25D974542}.Release|Any CPU.ActiveCfg = Release|Any CPU
		{3011A5E4-8ABD-4D40-A683-A8D25D974542}.Release|Any CPU.Build.0 = Release|Any CPU
		{46673DDD-592B-442C-852C-CEED64363D98}.Debug|Any CPU.ActiveCfg = Debug|Any CPU
		{46673DDD-592B-442C-852C-CEED64363D98}.Debug|Any CPU.Build.0 = Debug|Any CPU
		{46673DDD-592B-442C-852C-CEED64363D98}.Release|Any CPU.ActiveCfg = Release|Any CPU
		{46673DDD-592B-442C-852C-CEED64363D98}.Release|Any CPU.Build.0 = Release|Any CPU
		{5EE2D7A9-4765-4552-888F-2BD1B4CAA339}.Debug|Any CPU.ActiveCfg = Debug|Any CPU
		{5EE2D7A9-4765-4552-888F-2BD1B4CAA339}.Debug|Any CPU.Build.0 = Debug|Any CPU
		{5EE2D7A9-4765-4552-888F-2BD1B4CAA339}.Release|Any CPU.ActiveCfg = Release|Any CPU
		{5EE2D7A9-4765-4552-888F-2BD1B4CAA339}.Release|Any CPU.Build.0 = Release|Any CPU
	EndGlobalSection
	GlobalSection(SolutionProperties) = preSolution
		HideSolutionNode = FALSE
	EndGlobalSection
	GlobalSection(NestedProjects) = preSolution
		{9059F7C7-335D-4BDC-859C-9CC9961AAA0D} = {860561FB-6E11-41D3-B158-8B282F1A994E}
		{860561FB-6E11-41D3-B158-8B282F1A994E} = {904C212A-EE3C-4134-A737-77A6512743B5}
		{A3D5608C-0ABF-4E83-9DD4-29F36C669BB0} = {904C212A-EE3C-4134-A737-77A6512743B5}
		{E8808EC3-F463-423D-AA37-072566382E3F} = {904C212A-EE3C-4134-A737-77A6512743B5}
		{9440C166-3D61-45CA-8D6A-F8686373FDF9} = {904C212A-EE3C-4134-A737-77A6512743B5}
		{DE5FC6C3-05F4-45FF-A8BB-CB3409EB2BED} = {904C212A-EE3C-4134-A737-77A6512743B5}
		{41D6321E-1891-4F07-94A5-88D3771B3065} = {A3D5608C-0ABF-4E83-9DD4-29F36C669BB0}
		{E6C0FE7D-04BD-48AC-BE9A-740B8B795615} = {A3D5608C-0ABF-4E83-9DD4-29F36C669BB0}
		{6CD3B062-6ECC-4FFE-86EB-8EA0E39BA512} = {E8808EC3-F463-423D-AA37-072566382E3F}
		{3011A5E4-8ABD-4D40-A683-A8D25D974542} = {9440C166-3D61-45CA-8D6A-F8686373FDF9}
		{46673DDD-592B-442C-852C-CEED64363D98} = {DE5FC6C3-05F4-45FF-A8BB-CB3409EB2BED}
		{5EE2D7A9-4765-4552-888F-2BD1B4CAA339} = {0DF56ABE-BE4C-4510-A2DE-65DE6F64AC72}
	EndGlobalSection
	GlobalSection(ExtensibilityGlobals) = postSolution
		SolutionGuid = {F9227CF7-2B3B-4E4B-8F66-4AB555F46B0E}
	EndGlobalSection
EndGlobal
